
Microsoft Visual Studio Solution File, Format Version 12.00
# Visual Studio 15
VisualStudioVersion = 15.0.26124.0
MinimumVisualStudioVersion = 15.0.26124.0
Project("{FAE04EC0-301F-11D3-BF4B-00C04F79EFBC}") = "HoughTransform", "HoughTransform\HoughTransform.csproj", "{C0810ABF-E8E3-4348-BFCB-56AE05917B74}"
EndProject
Project("{FAE04EC0-301F-11D3-BF4B-00C04F79EFBC}") = "HoughTransform.Test", "HoughTransform.Test\HoughTransform.Test.csproj", "{AD80E8C8-B650-42E7-B070-79190C2CA839}"
EndProject
Global
	GlobalSection(SolutionConfigurationPlatforms) = preSolution
		Debug|Any CPU = Debug|Any CPU
		Debug|x64 = Debug|x64
		Debug|x86 = Debug|x86
		Release|Any CPU = Release|Any CPU
		Release|x64 = Release|x64
		Release|x86 = Release|x86
	EndGlobalSection
	GlobalSection(SolutionProperties) = preSolution
		HideSolutionNode = FALSE
	EndGlobalSection
	GlobalSection(ProjectConfigurationPlatforms) = postSolution
		{C0810ABF-E8E3-4348-BFCB-56AE05917B74}.Debug|Any CPU.ActiveCfg = Debug|Any CPU
		{C0810ABF-E8E3-4348-BFCB-56AE05917B74}.Debug|Any CPU.Build.0 = Debug|Any CPU
		{C0810ABF-E8E3-4348-BFCB-56AE05917B74}.Debug|x64.ActiveCfg = Debug|x64
		{C0810ABF-E8E3-4348-BFCB-56AE05917B74}.Debug|x64.Build.0 = Debug|x64
		{C0810ABF-E8E3-4348-BFCB-56AE05917B74}.Debug|x86.ActiveCfg = Debug|x86
		{C0810ABF-E8E3-4348-BFCB-56AE05917B74}.Debug|x86.Build.0 = Debug|x86
		{C0810ABF-E8E3-4348-BFCB-56AE05917B74}.Release|Any CPU.ActiveCfg = Release|Any CPU
		{C0810ABF-E8E3-4348-BFCB-56AE05917B74}.Release|Any CPU.Build.0 = Release|Any CPU
		{C0810ABF-E8E3-4348-BFCB-56AE05917B74}.Release|x64.ActiveCfg = Release|x64
		{C0810ABF-E8E3-4348-BFCB-56AE05917B74}.Release|x64.Build.0 = Release|x64
		{C0810ABF-E8E3-4348-BFCB-56AE05917B74}.Release|x86.ActiveCfg = Release|x86
		{C0810ABF-E8E3-4348-BFCB-56AE05917B74}.Release|x86.Build.0 = Release|x86
		{AD80E8C8-B650-42E7-B070-79190C2CA839}.Debug|Any CPU.ActiveCfg = Debug|Any CPU
		{AD80E8C8-B650-42E7-B070-79190C2CA839}.Debug|Any CPU.Build.0 = Debug|Any CPU
		{AD80E8C8-B650-42E7-B070-79190C2CA839}.Debug|x64.ActiveCfg = Debug|x64
		{AD80E8C8-B650-42E7-B070-79190C2CA839}.Debug|x64.Build.0 = Debug|x64
		{AD80E8C8-B650-42E7-B070-79190C2CA839}.Debug|x86.ActiveCfg = Debug|x86
		{AD80E8C8-B650-42E7-B070-79190C2CA839}.Debug|x86.Build.0 = Debug|x86
		{AD80E8C8-B650-42E7-B070-79190C2CA839}.Release|Any CPU.ActiveCfg = Release|Any CPU
		{AD80E8C8-B650-42E7-B070-79190C2CA839}.Release|Any CPU.Build.0 = Release|Any CPU
		{AD80E8C8-B650-42E7-B070-79190C2CA839}.Release|x64.ActiveCfg = Release|x64
		{AD80E8C8-B650-42E7-B070-79190C2CA839}.Release|x64.Build.0 = Release|x64
		{AD80E8C8-B650-42E7-B070-79190C2CA839}.Release|x86.ActiveCfg = Release|x86
		{AD80E8C8-B650-42E7-B070-79190C2CA839}.Release|x86.Build.0 = Release|x86
	EndGlobalSection
EndGlobal
